
Microsoft Visual Studio Solution File, Format Version 12.00
# Visual Studio Version 16
VisualStudioVersion = 16.0.31410.357
MinimumVisualStudioVersion = 10.0.40219.1
Project("{FAE04EC0-301F-11D3-BF4B-00C04F79EFBC}") = "PKAD V RATIOS", "PKAD V RATIOS\PKAD V RATIOS.csproj", "{11CB400F-3211-42E2-9A52-FE7ED052C7D1}"
EndProject
Global
	GlobalSection(SolutionConfigurationPlatforms) = preSolution
		Debug|Any CPU = Debug|Any CPU
		Release|Any CPU = Release|Any CPU
	EndGlobalSection
	GlobalSection(ProjectConfigurationPlatforms) = postSolution
		{11CB400F-3211-42E2-9A52-FE7ED052C7D1}.Debug|Any CPU.ActiveCfg = Debug|Any CPU
		{11CB400F-3211-42E2-9A52-FE7ED052C7D1}.Debug|Any CPU.Build.0 = Debug|Any CPU
		{11CB400F-3211-42E2-9A52-FE7ED052C7D1}.Release|Any CPU.ActiveCfg = Release|Any CPU
		{11CB400F-3211-42E2-9A52-FE7ED052C7D1}.Release|Any CPU.Build.0 = Release|Any CPU
	EndGlobalSection
	GlobalSection(SolutionProperties) = preSolution
		HideSolutionNode = FALSE
	EndGlobalSection
	GlobalSection(ExtensibilityGlobals) = postSolution
		SolutionGuid = {9DE87095-3D61-4F6D-A7DA-A33ABB01E563}
	EndGlobalSection
EndGlobal
